
Microsoft Visual Studio Solution File, Format Version 12.00
# Visual Studio Version 17
VisualStudioVersion = 17.0.31903.59
MinimumVisualStudioVersion = 10.0.40219.1
Project("{2150E333-8FDC-42A3-9474-1A3956D46DE8}") = "src", "src", "{F5D4969A-4D7E-422F-B54C-C06720A1349B}"
EndProject
Project("{FAE04EC0-301F-11D3-BF4B-00C04F79EFBC}") = "Hack13.Contracts", "src\Hack13.Contracts\Hack13.Contracts.csproj", "{00828520-7547-4399-81F5-03B2844104CF}"
EndProject
Project("{FAE04EC0-301F-11D3-BF4B-00C04F79EFBC}") = "Hack13.TerminalServer", "src\Hack13.TerminalServer\Hack13.TerminalServer.csproj", "{FA4C6F1D-58F7-46CB-BA98-A8DD1FFB5FA3}"
EndProject
Project("{FAE04EC0-301F-11D3-BF4B-00C04F79EFBC}") = "Hack13.TerminalClient", "src\Hack13.TerminalClient\Hack13.TerminalClient.csproj", "{385DB158-A016-44D3-ABBF-C920CE6A483A}"
EndProject
Project("{FAE04EC0-301F-11D3-BF4B-00C04F79EFBC}") = "Hack13.PdfGenerator", "src\Hack13.PdfGenerator\Hack13.PdfGenerator.csproj", "{BEDB375E-5C06-4D2E-85E5-4278C7E4B04C}"
EndProject
Project("{FAE04EC0-301F-11D3-BF4B-00C04F79EFBC}") = "Hack13.EmailSender", "src\Hack13.EmailSender\Hack13.EmailSender.csproj", "{8582DED1-0078-4A53-9E1A-0335CBD5F59D}"
EndProject
Project("{FAE04EC0-301F-11D3-BF4B-00C04F79EFBC}") = "Hack13.Calculator", "src\Hack13.Calculator\Hack13.Calculator.csproj", "{F97189E5-01E5-48A8-8141-0C467886535A}"
EndProject
Project("{FAE04EC0-301F-11D3-BF4B-00C04F79EFBC}") = "Hack13.DecisionEngine", "src\Hack13.DecisionEngine\Hack13.DecisionEngine.csproj", "{C657095C-B286-4D56-879E-BF79A9ECB9A3}"
EndProject
Project("{FAE04EC0-301F-11D3-BF4B-00C04F79EFBC}") = "Hack13.Orchestrator", "src\Hack13.Orchestrator\Hack13.Orchestrator.csproj", "{A28FE566-95C3-4384-9713-4343FB629A75}"
EndProject
Project("{FAE04EC0-301F-11D3-BF4B-00C04F79EFBC}") = "Hack13.Api", "src\Hack13.Api\Hack13.Api.csproj", "{CBC25B8D-0041-4879-ADCB-113848C2C946}"
EndProject
Project("{FAE04EC0-301F-11D3-BF4B-00C04F79EFBC}") = "Hack13.Cli", "src\Hack13.Cli\Hack13.Cli.csproj", "{4185823E-47BA-4D80-83EF-4C8A6D5E110E}"
EndProject
Project("{FAE04EC0-301F-11D3-BF4B-00C04F79EFBC}") = "Hack13.DatabaseReader", "src\Hack13.DatabaseReader\Hack13.DatabaseReader.csproj", "{D5A8F3E1-4B7C-4A2D-9E6C-2F8D1A3E5B7D}"
EndProject
Project("{FAE04EC0-301F-11D3-BF4B-00C04F79EFBC}") = "Hack13.Database.Common", "src\Hack13.Database.Common\Hack13.Database.Common.csproj", "{A1B2C3D4-E5F6-7890-ABCD-EF1234567890}"
EndProject
Project("{FAE04EC0-301F-11D3-BF4B-00C04F79EFBC}") = "Hack13.DatabaseWriter", "src\Hack13.DatabaseWriter\Hack13.DatabaseWriter.csproj", "{B2C3D4E5-F678-90AB-CDEF-123456789012}"
EndProject
Project("{FAE04EC0-301F-11D3-BF4B-00C04F79EFBC}") = "Hack13.HttpClient", "src\Hack13.HttpClient\Hack13.HttpClient.csproj", "{C3D4E5F6-7890-ABCD-EF12-345678901234}"
EndProject
Project("{FAE04EC0-301F-11D3-BF4B-00C04F79EFBC}") = "Hack13.ApprovalGate", "src\Hack13.ApprovalGate\Hack13.ApprovalGate.csproj", "{D4E5F678-90AB-CDEF-1234-567890123456}"
EndProject
Project("{2150E333-8FDC-42A3-9474-1A3956D46DE8}") = "tests", "tests", "{3B81E2D9-EE6A-43EA-9D4F-D2CEB4FDA99F}"
EndProject
Project("{FAE04EC0-301F-11D3-BF4B-00C04F79EFBC}") = "Hack13.Contracts.Tests", "tests\Hack13.Contracts.Tests\Hack13.Contracts.Tests.csproj", "{F78DCB8D-4C09-4B8C-B03B-C09ED39F68F1}"
EndProject
Project("{FAE04EC0-301F-11D3-BF4B-00C04F79EFBC}") = "Hack13.TerminalServer.Tests", "tests\Hack13.TerminalServer.Tests\Hack13.TerminalServer.Tests.csproj", "{292BD67E-FD4F-481B-864A-84F492B089C6}"
EndProject
Project("{FAE04EC0-301F-11D3-BF4B-00C04F79EFBC}") = "Hack13.TerminalClient.Tests", "tests\Hack13.TerminalClient.Tests\Hack13.TerminalClient.Tests.csproj", "{D17BFCDE-1719-48B3-BD90-C64F00C786C4}"
EndProject
Project("{FAE04EC0-301F-11D3-BF4B-00C04F79EFBC}") = "Hack13.PdfGenerator.Tests", "tests\Hack13.PdfGenerator.Tests\Hack13.PdfGenerator.Tests.csproj", "{757E2486-FDC1-41A7-815E-E9D04B53788F}"
EndProject
Project("{FAE04EC0-301F-11D3-BF4B-00C04F79EFBC}") = "Hack13.EmailSender.Tests", "tests\Hack13.EmailSender.Tests\Hack13.EmailSender.Tests.csproj", "{EAE22FE4-98AF-46B2-BAFD-5F0A84021A0E}"
EndProject
Project("{FAE04EC0-301F-11D3-BF4B-00C04F79EFBC}") = "Hack13.Calculator.Tests", "tests\Hack13.Calculator.Tests\Hack13.Calculator.Tests.csproj", "{49FDF745-9E74-4F3D-A6E0-EE41BD76C00A}"
EndProject
Project("{FAE04EC0-301F-11D3-BF4B-00C04F79EFBC}") = "Hack13.DecisionEngine.Tests", "tests\Hack13.DecisionEngine.Tests\Hack13.DecisionEngine.Tests.csproj", "{4A97DCD9-C047-4F21-B735-27E693964B3E}"
EndProject
Project("{FAE04EC0-301F-11D3-BF4B-00C04F79EFBC}") = "Hack13.Orchestrator.Tests", "tests\Hack13.Orchestrator.Tests\Hack13.Orchestrator.Tests.csproj", "{0EE71728-6185-4E25-B0BC-6C09E594DF21}"
EndProject
Project("{FAE04EC0-301F-11D3-BF4B-00C04F79EFBC}") = "Hack13.Integration.Tests", "tests\Hack13.Integration.Tests\Hack13.Integration.Tests.csproj", "{2515874B-2BE8-4CDC-9EE9-83EB0721A7AE}"
EndProject
Project("{FAE04EC0-301F-11D3-BF4B-00C04F79EFBC}") = "Hack13.DatabaseReader.Tests", "tests\Hack13.DatabaseReader.Tests\Hack13.DatabaseReader.Tests.csproj", "{7F2B4E9A-C3D1-4E8B-A5F9-3C6D7E1B4A8F}"
EndProject
Project("{FAE04EC0-301F-11D3-BF4B-00C04F79EFBC}") = "Hack13.DatabaseWriter.Tests", "tests\Hack13.DatabaseWriter.Tests\Hack13.DatabaseWriter.Tests.csproj", "{E5F67890-ABCD-EF12-3456-789012345678}"
EndProject
Project("{FAE04EC0-301F-11D3-BF4B-00C04F79EFBC}") = "Hack13.HttpClient.Tests", "tests\Hack13.HttpClient.Tests\Hack13.HttpClient.Tests.csproj", "{F6789012-CDEF-1234-5678-901234567890}"
EndProject
Project("{FAE04EC0-301F-11D3-BF4B-00C04F79EFBC}") = "Hack13.ApprovalGate.Tests", "tests\Hack13.ApprovalGate.Tests\Hack13.ApprovalGate.Tests.csproj", "{07890123-EF12-3456-7890-123456789ABC}"
EndProject
Global
	GlobalSection(SolutionConfigurationPlatforms) = preSolution
		Debug|Any CPU = Debug|Any CPU
		Release|Any CPU = Release|Any CPU
	EndGlobalSection
	GlobalSection(SolutionProperties) = preSolution
		HideSolutionNode = FALSE
	EndGlobalSection
	GlobalSection(ProjectConfigurationPlatforms) = postSolution
		{00828520-7547-4399-81F5-03B2844104CF}.Debug|Any CPU.ActiveCfg = Debug|Any CPU
		{00828520-7547-4399-81F5-03B2844104CF}.Debug|Any CPU.Build.0 = Debug|Any CPU
		{00828520-7547-4399-81F5-03B2844104CF}.Release|Any CPU.ActiveCfg = Release|Any CPU
		{00828520-7547-4399-81F5-03B2844104CF}.Release|Any CPU.Build.0 = Release|Any CPU
		{FA4C6F1D-58F7-46CB-BA98-A8DD1FFB5FA3}.Debug|Any CPU.ActiveCfg = Debug|Any CPU
		{FA4C6F1D-58F7-46CB-BA98-A8DD1FFB5FA3}.Debug|Any CPU.Build.0 = Debug|Any CPU
		{FA4C6F1D-58F7-46CB-BA98-A8DD1FFB5FA3}.Release|Any CPU.ActiveCfg = Release|Any CPU
		{FA4C6F1D-58F7-46CB-BA98-A8DD1FFB5FA3}.Release|Any CPU.Build.0 = Release|Any CPU
		{385DB158-A016-44D3-ABBF-C920CE6A483A}.Debug|Any CPU.ActiveCfg = Debug|Any CPU
		{385DB158-A016-44D3-ABBF-C920CE6A483A}.Debug|Any CPU.Build.0 = Debug|Any CPU
		{385DB158-A016-44D3-ABBF-C920CE6A483A}.Release|Any CPU.ActiveCfg = Release|Any CPU
		{385DB158-A016-44D3-ABBF-C920CE6A483A}.Release|Any CPU.Build.0 = Release|Any CPU
		{BEDB375E-5C06-4D2E-85E5-4278C7E4B04C}.Debug|Any CPU.ActiveCfg = Debug|Any CPU
		{BEDB375E-5C06-4D2E-85E5-4278C7E4B04C}.Debug|Any CPU.Build.0 = Debug|Any CPU
		{BEDB375E-5C06-4D2E-85E5-4278C7E4B04C}.Release|Any CPU.ActiveCfg = Release|Any CPU
		{BEDB375E-5C06-4D2E-85E5-4278C7E4B04C}.Release|Any CPU.Build.0 = Release|Any CPU
		{8582DED1-0078-4A53-9E1A-0335CBD5F59D}.Debug|Any CPU.ActiveCfg = Debug|Any CPU
		{8582DED1-0078-4A53-9E1A-0335CBD5F59D}.Debug|Any CPU.Build.0 = Debug|Any CPU
		{8582DED1-0078-4A53-9E1A-0335CBD5F59D}.Release|Any CPU.ActiveCfg = Release|Any CPU
		{8582DED1-0078-4A53-9E1A-0335CBD5F59D}.Release|Any CPU.Build.0 = Release|Any CPU
		{F97189E5-01E5-48A8-8141-0C467886535A}.Debug|Any CPU.ActiveCfg = Debug|Any CPU
		{F97189E5-01E5-48A8-8141-0C467886535A}.Debug|Any CPU.Build.0 = Debug|Any CPU
		{F97189E5-01E5-48A8-8141-0C467886535A}.Release|Any CPU.ActiveCfg = Release|Any CPU
		{F97189E5-01E5-48A8-8141-0C467886535A}.Release|Any CPU.Build.0 = Release|Any CPU
		{C657095C-B286-4D56-879E-BF79A9ECB9A3}.Debug|Any CPU.ActiveCfg = Debug|Any CPU
		{C657095C-B286-4D56-879E-BF79A9ECB9A3}.Debug|Any CPU.Build.0 = Debug|Any CPU
		{C657095C-B286-4D56-879E-BF79A9ECB9A3}.Release|Any CPU.ActiveCfg = Release|Any CPU
		{C657095C-B286-4D56-879E-BF79A9ECB9A3}.Release|Any CPU.Build.0 = Release|Any CPU
		{A28FE566-95C3-4384-9713-4343FB629A75}.Debug|Any CPU.ActiveCfg = Debug|Any CPU
		{A28FE566-95C3-4384-9713-4343FB629A75}.Debug|Any CPU.Build.0 = Debug|Any CPU
		{A28FE566-95C3-4384-9713-4343FB629A75}.Release|Any CPU.ActiveCfg = Release|Any CPU
		{A28FE566-95C3-4384-9713-4343FB629A75}.Release|Any CPU.Build.0 = Release|Any CPU
		{CBC25B8D-0041-4879-ADCB-113848C2C946}.Debug|Any CPU.ActiveCfg = Debug|Any CPU
		{CBC25B8D-0041-4879-ADCB-113848C2C946}.Debug|Any CPU.Build.0 = Debug|Any CPU
		{CBC25B8D-0041-4879-ADCB-113848C2C946}.Release|Any CPU.ActiveCfg = Release|Any CPU
		{CBC25B8D-0041-4879-ADCB-113848C2C946}.Release|Any CPU.Build.0 = Release|Any CPU
		{4185823E-47BA-4D80-83EF-4C8A6D5E110E}.Debug|Any CPU.ActiveCfg = Debug|Any CPU
		{4185823E-47BA-4D80-83EF-4C8A6D5E110E}.Debug|Any CPU.Build.0 = Debug|Any CPU
		{4185823E-47BA-4D80-83EF-4C8A6D5E110E}.Release|Any CPU.ActiveCfg = Release|Any CPU
		{4185823E-47BA-4D80-83EF-4C8A6D5E110E}.Release|Any CPU.Build.0 = Release|Any CPU
		{F78DCB8D-4C09-4B8C-B03B-C09ED39F68F1}.Debug|Any CPU.ActiveCfg = Debug|Any CPU
		{F78DCB8D-4C09-4B8C-B03B-C09ED39F68F1}.Debug|Any CPU.Build.0 = Debug|Any CPU
		{F78DCB8D-4C09-4B8C-B03B-C09ED39F68F1}.Release|Any CPU.ActiveCfg = Release|Any CPU
		{F78DCB8D-4C09-4B8C-B03B-C09ED39F68F1}.Release|Any CPU.Build.0 = Release|Any CPU
		{292BD67E-FD4F-481B-864A-84F492B089C6}.Debug|Any CPU.ActiveCfg = Debug|Any CPU
		{292BD67E-FD4F-481B-864A-84F492B089C6}.Debug|Any CPU.Build.0 = Debug|Any CPU
		{292BD67E-FD4F-481B-864A-84F492B089C6}.Release|Any CPU.ActiveCfg = Release|Any CPU
		{292BD67E-FD4F-481B-864A-84F492B089C6}.Release|Any CPU.Build.0 = Release|Any CPU
		{D17BFCDE-1719-48B3-BD90-C64F00C786C4}.Debug|Any CPU.ActiveCfg = Debug|Any CPU
		{D17BFCDE-1719-48B3-BD90-C64F00C786C4}.Debug|Any CPU.Build.0 = Debug|Any CPU
		{D17BFCDE-1719-48B3-BD90-C64F00C786C4}.Release|Any CPU.ActiveCfg = Release|Any CPU
		{D17BFCDE-1719-48B3-BD90-C64F00C786C4}.Release|Any CPU.Build.0 = Release|Any CPU
		{757E2486-FDC1-41A7-815E-E9D04B53788F}.Debug|Any CPU.ActiveCfg = Debug|Any CPU
		{757E2486-FDC1-41A7-815E-E9D04B53788F}.Debug|Any CPU.Build.0 = Debug|Any CPU
		{757E2486-FDC1-41A7-815E-E9D04B53788F}.Release|Any CPU.ActiveCfg = Release|Any CPU
		{757E2486-FDC1-41A7-815E-E9D04B53788F}.Release|Any CPU.Build.0 = Release|Any CPU
		{EAE22FE4-98AF-46B2-BAFD-5F0A84021A0E}.Debug|Any CPU.ActiveCfg = Debug|Any CPU
		{EAE22FE4-98AF-46B2-BAFD-5F0A84021A0E}.Debug|Any CPU.Build.0 = Debug|Any CPU
		{EAE22FE4-98AF-46B2-BAFD-5F0A84021A0E}.Release|Any CPU.ActiveCfg = Release|Any CPU
		{EAE22FE4-98AF-46B2-BAFD-5F0A84021A0E}.Release|Any CPU.Build.0 = Release|Any CPU
		{49FDF745-9E74-4F3D-A6E0-EE41BD76C00A}.Debug|Any CPU.ActiveCfg = Debug|Any CPU
		{49FDF745-9E74-4F3D-A6E0-EE41BD76C00A}.Debug|Any CPU.Build.0 = Debug|Any CPU
		{49FDF745-9E74-4F3D-A6E0-EE41BD76C00A}.Release|Any CPU.ActiveCfg = Release|Any CPU
		{49FDF745-9E74-4F3D-A6E0-EE41BD76C00A}.Release|Any CPU.Build.0 = Release|Any CPU
		{4A97DCD9-C047-4F21-B735-27E693964B3E}.Debug|Any CPU.ActiveCfg = Debug|Any CPU
		{4A97DCD9-C047-4F21-B735-27E693964B3E}.Debug|Any CPU.Build.0 = Debug|Any CPU
		{4A97DCD9-C047-4F21-B735-27E693964B3E}.Release|Any CPU.ActiveCfg = Release|Any CPU
		{4A97DCD9-C047-4F21-B735-27E693964B3E}.Release|Any CPU.Build.0 = Release|Any CPU
		{0EE71728-6185-4E25-B0BC-6C09E594DF21}.Debug|Any CPU.ActiveCfg = Debug|Any CPU
		{0EE71728-6185-4E25-B0BC-6C09E594DF21}.Debug|Any CPU.Build.0 = Debug|Any CPU
		{0EE71728-6185-4E25-B0BC-6C09E594DF21}.Release|Any CPU.ActiveCfg = Release|Any CPU
		{0EE71728-6185-4E25-B0BC-6C09E594DF21}.Release|Any CPU.Build.0 = Release|Any CPU
		{2515874B-2BE8-4CDC-9EE9-83EB0721A7AE}.Debug|Any CPU.ActiveCfg = Debug|Any CPU
		{2515874B-2BE8-4CDC-9EE9-83EB0721A7AE}.Debug|Any CPU.Build.0 = Debug|Any CPU
		{2515874B-2BE8-4CDC-9EE9-83EB0721A7AE}.Release|Any CPU.ActiveCfg = Release|Any CPU
		{2515874B-2BE8-4CDC-9EE9-83EB0721A7AE}.Release|Any CPU.Build.0 = Release|Any CPU
		{D5A8F3E1-4B7C-4A2D-9E6C-2F8D1A3E5B7D}.Debug|Any CPU.ActiveCfg = Debug|Any CPU
		{D5A8F3E1-4B7C-4A2D-9E6C-2F8D1A3E5B7D}.Debug|Any CPU.Build.0 = Debug|Any CPU
		{D5A8F3E1-4B7C-4A2D-9E6C-2F8D1A3E5B7D}.Release|Any CPU.ActiveCfg = Release|Any CPU
		{D5A8F3E1-4B7C-4A2D-9E6C-2F8D1A3E5B7D}.Release|Any CPU.Build.0 = Release|Any CPU
		{7F2B4E9A-C3D1-4E8B-A5F9-3C6D7E1B4A8F}.Debug|Any CPU.ActiveCfg = Debug|Any CPU
		{7F2B4E9A-C3D1-4E8B-A5F9-3C6D7E1B4A8F}.Debug|Any CPU.Build.0 = Debug|Any CPU
		{7F2B4E9A-C3D1-4E8B-A5F9-3C6D7E1B4A8F}.Release|Any CPU.ActiveCfg = Release|Any CPU
		{7F2B4E9A-C3D1-4E8B-A5F9-3C6D7E1B4A8F}.Release|Any CPU.Build.0 = Release|Any CPU
		{A1B2C3D4-E5F6-7890-ABCD-EF1234567890}.Debug|Any CPU.ActiveCfg = Debug|Any CPU
		{A1B2C3D4-E5F6-7890-ABCD-EF1234567890}.Debug|Any CPU.Build.0 = Debug|Any CPU
		{A1B2C3D4-E5F6-7890-ABCD-EF1234567890}.Release|Any CPU.ActiveCfg = Release|Any CPU
		{A1B2C3D4-E5F6-7890-ABCD-EF1234567890}.Release|Any CPU.Build.0 = Release|Any CPU
		{B2C3D4E5-F678-90AB-CDEF-123456789012}.Debug|Any CPU.ActiveCfg = Debug|Any CPU
		{B2C3D4E5-F678-90AB-CDEF-123456789012}.Debug|Any CPU.Build.0 = Debug|Any CPU
		{B2C3D4E5-F678-90AB-CDEF-123456789012}.Release|Any CPU.ActiveCfg = Release|Any CPU
		{B2C3D4E5-F678-90AB-CDEF-123456789012}.Release|Any CPU.Build.0 = Release|Any CPU
		{C3D4E5F6-7890-ABCD-EF12-345678901234}.Debug|Any CPU.ActiveCfg = Debug|Any CPU
		{C3D4E5F6-7890-ABCD-EF12-345678901234}.Debug|Any CPU.Build.0 = Debug|Any CPU
		{C3D4E5F6-7890-ABCD-EF12-345678901234}.Release|Any CPU.ActiveCfg = Release|Any CPU
		{C3D4E5F6-7890-ABCD-EF12-345678901234}.Release|Any CPU.Build.0 = Release|Any CPU
		{D4E5F678-90AB-CDEF-1234-567890123456}.Debug|Any CPU.ActiveCfg = Debug|Any CPU
		{D4E5F678-90AB-CDEF-1234-567890123456}.Debug|Any CPU.Build.0 = Debug|Any CPU
		{D4E5F678-90AB-CDEF-1234-567890123456}.Release|Any CPU.ActiveCfg = Release|Any CPU
		{D4E5F678-90AB-CDEF-1234-567890123456}.Release|Any CPU.Build.0 = Release|Any CPU
		{E5F67890-ABCD-EF12-3456-789012345678}.Debug|Any CPU.ActiveCfg = Debug|Any CPU
		{E5F67890-ABCD-EF12-3456-789012345678}.Debug|Any CPU.Build.0 = Debug|Any CPU
		{E5F67890-ABCD-EF12-3456-789012345678}.Release|Any CPU.ActiveCfg = Release|Any CPU
		{E5F67890-ABCD-EF12-3456-789012345678}.Release|Any CPU.Build.0 = Release|Any CPU
		{F6789012-CDEF-1234-5678-901234567890}.Debug|Any CPU.ActiveCfg = Debug|Any CPU
		{F6789012-CDEF-1234-5678-901234567890}.Debug|Any CPU.Build.0 = Debug|Any CPU
		{F6789012-CDEF-1234-5678-901234567890}.Release|Any CPU.ActiveCfg = Release|Any CPU
		{F6789012-CDEF-1234-5678-901234567890}.Release|Any CPU.Build.0 = Release|Any CPU
		{07890123-EF12-3456-7890-123456789ABC}.Debug|Any CPU.ActiveCfg = Debug|Any CPU
		{07890123-EF12-3456-7890-123456789ABC}.Debug|Any CPU.Build.0 = Debug|Any CPU
		{07890123-EF12-3456-7890-123456789ABC}.Release|Any CPU.ActiveCfg = Release|Any CPU
		{07890123-EF12-3456-7890-123456789ABC}.Release|Any CPU.Build.0 = Release|Any CPU
	EndGlobalSection
	GlobalSection(NestedProjects) = preSolution
		{00828520-7547-4399-81F5-03B2844104CF} = {F5D4969A-4D7E-422F-B54C-C06720A1349B}
		{FA4C6F1D-58F7-46CB-BA98-A8DD1FFB5FA3} = {F5D4969A-4D7E-422F-B54C-C06720A1349B}
		{385DB158-A016-44D3-ABBF-C920CE6A483A} = {F5D4969A-4D7E-422F-B54C-C06720A1349B}
		{BEDB375E-5C06-4D2E-85E5-4278C7E4B04C} = {F5D4969A-4D7E-422F-B54C-C06720A1349B}
		{8582DED1-0078-4A53-9E1A-0335CBD5F59D} = {F5D4969A-4D7E-422F-B54C-C06720A1349B}
		{F97189E5-01E5-48A8-8141-0C467886535A} = {F5D4969A-4D7E-422F-B54C-C06720A1349B}
		{C657095C-B286-4D56-879E-BF79A9ECB9A3} = {F5D4969A-4D7E-422F-B54C-C06720A1349B}
		{A28FE566-95C3-4384-9713-4343FB629A75} = {F5D4969A-4D7E-422F-B54C-C06720A1349B}
		{CBC25B8D-0041-4879-ADCB-113848C2C946} = {F5D4969A-4D7E-422F-B54C-C06720A1349B}
		{4185823E-47BA-4D80-83EF-4C8A6D5E110E} = {F5D4969A-4D7E-422F-B54C-C06720A1349B}
		{F78DCB8D-4C09-4B8C-B03B-C09ED39F68F1} = {3B81E2D9-EE6A-43EA-9D4F-D2CEB4FDA99F}
		{292BD67E-FD4F-481B-864A-84F492B089C6} = {3B81E2D9-EE6A-43EA-9D4F-D2CEB4FDA99F}
		{D17BFCDE-1719-48B3-BD90-C64F00C786C4} = {3B81E2D9-EE6A-43EA-9D4F-D2CEB4FDA99F}
		{757E2486-FDC1-41A7-815E-E9D04B53788F} = {3B81E2D9-EE6A-43EA-9D4F-D2CEB4FDA99F}
		{EAE22FE4-98AF-46B2-BAFD-5F0A84021A0E} = {3B81E2D9-EE6A-43EA-9D4F-D2CEB4FDA99F}
		{49FDF745-9E74-4F3D-A6E0-EE41BD76C00A} = {3B81E2D9-EE6A-43EA-9D4F-D2CEB4FDA99F}
		{4A97DCD9-C047-4F21-B735-27E693964B3E} = {3B81E2D9-EE6A-43EA-9D4F-D2CEB4FDA99F}
		{0EE71728-6185-4E25-B0BC-6C09E594DF21} = {3B81E2D9-EE6A-43EA-9D4F-D2CEB4FDA99F}
		{2515874B-2BE8-4CDC-9EE9-83EB0721A7AE} = {3B81E2D9-EE6A-43EA-9D4F-D2CEB4FDA99F}
		{D5A8F3E1-4B7C-4A2D-9E6C-2F8D1A3E5B7D} = {F5D4969A-4D7E-422F-B54C-C06720A1349B}
		{A1B2C3D4-E5F6-7890-ABCD-EF1234567890} = {F5D4969A-4D7E-422F-B54C-C06720A1349B}
		{B2C3D4E5-F678-90AB-CDEF-123456789012} = {F5D4969A-4D7E-422F-B54C-C06720A1349B}
		{C3D4E5F6-7890-ABCD-EF12-345678901234} = {F5D4969A-4D7E-422F-B54C-C06720A1349B}
		{D4E5F678-90AB-CDEF-1234-567890123456} = {F5D4969A-4D7E-422F-B54C-C06720A1349B}
		{7F2B4E9A-C3D1-4E8B-A5F9-3C6D7E1B4A8F} = {3B81E2D9-EE6A-43EA-9D4F-D2CEB4FDA99F}
		{E5F67890-ABCD-EF12-3456-789012345678} = {3B81E2D9-EE6A-43EA-9D4F-D2CEB4FDA99F}
		{F6789012-CDEF-1234-5678-901234567890} = {3B81E2D9-EE6A-43EA-9D4F-D2CEB4FDA99F}
		{07890123-EF12-3456-7890-123456789ABC} = {3B81E2D9-EE6A-43EA-9D4F-D2CEB4FDA99F}
	EndGlobalSection
EndGlobal
